
Microsoft Visual Studio Solution File, Format Version 12.00
# Visual Studio Version 17
VisualStudioVersion = 17.3.32922.545
MinimumVisualStudioVersion = 10.0.40219.1
Project("{FAE04EC0-301F-11D3-BF4B-00C04F79EFBC}") = "AF.HtmlTemplater.Api", "AF.HtmlTemplater.Api\AF.HtmlTemplater.Api.csproj", "{8FA942FE-3E54-43CB-9ED7-9EFBB0ACEA35}"
EndProject
Project("{FAE04EC0-301F-11D3-BF4B-00C04F79EFBC}") = "AF.HtmlTemplater.HtmlCreatorLib", "AF.HtmlTemplater.HtmlCreatorLib\AF.HtmlTemplater.HtmlCreatorLib.csproj", "{9BC14FBB-4421-4449-BA41-53A8FB337C83}"
EndProject
Global
	GlobalSection(SolutionConfigurationPlatforms) = preSolution
		Debug|Any CPU = Debug|Any CPU
		Release|Any CPU = Release|Any CPU
	EndGlobalSection
	GlobalSection(ProjectConfigurationPlatforms) = postSolution
		{8FA942FE-3E54-43CB-9ED7-9EFBB0ACEA35}.Debug|Any CPU.ActiveCfg = Debug|Any CPU
		{8FA942FE-3E54-43CB-9ED7-9EFBB0ACEA35}.Debug|Any CPU.Build.0 = Debug|Any CPU
		{8FA942FE-3E54-43CB-9ED7-9EFBB0ACEA35}.Release|Any CPU.ActiveCfg = Release|Any CPU
		{8FA942FE-3E54-43CB-9ED7-9EFBB0ACEA35}.Release|Any CPU.Build.0 = Release|Any CPU
		{9BC14FBB-4421-4449-BA41-53A8FB337C83}.Debug|Any CPU.ActiveCfg = Debug|Any CPU
		{9BC14FBB-4421-4449-BA41-53A8FB337C83}.Debug|Any CPU.Build.0 = Debug|Any CPU
		{9BC14FBB-4421-4449-BA41-53A8FB337C83}.Release|Any CPU.ActiveCfg = Release|Any CPU
		{9BC14FBB-4421-4449-BA41-53A8FB337C83}.Release|Any CPU.Build.0 = Release|Any CPU
	EndGlobalSection
	GlobalSection(SolutionProperties) = preSolution
		HideSolutionNode = FALSE
	EndGlobalSection
	GlobalSection(ExtensibilityGlobals) = postSolution
		SolutionGuid = {A288BA5C-5EB2-43A7-A319-38434097C644}
	EndGlobalSection
EndGlobal
